// !$*UTF8*$!
{
	archiveVersion = 1;
	classes = {
	};
	objectVersion = 46;
	objects = {

/* Begin PBXBuildFile section */
		03B368351EA1484800DF4991 /* AppDelegate.swift in Sources */ = {isa = PBXBuildFile; fileRef = 03B368341EA1484800DF4991 /* AppDelegate.swift */; };
		03B368371EA1484800DF4991 /* ViewController.swift in Sources */ = {isa = PBXBuildFile; fileRef = 03B368361EA1484800DF4991 /* ViewController.swift */; };
		03B3683A1EA1484800DF4991 /* Main.storyboard in Resources */ = {isa = PBXBuildFile; fileRef = 03B368381EA1484800DF4991 /* Main.storyboard */; };
		03B3683C1EA1484800DF4991 /* Assets.xcassets in Resources */ = {isa = PBXBuildFile; fileRef = 03B3683B1EA1484800DF4991 /* Assets.xcassets */; };
		03B3683F1EA1484800DF4991 /* LaunchScreen.storyboard in Resources */ = {isa = PBXBuildFile; fileRef = 03B3683D1EA1484800DF4991 /* LaunchScreen.storyboard */; };
		03B3684A1EA1484800DF4991 /* PokedexTests.swift in Sources */ = {isa = PBXBuildFile; fileRef = 03B368491EA1484800DF4991 /* PokedexTests.swift */; };
		03B368551EA1484800DF4991 /* PokedexUITests.swift in Sources */ = {isa = PBXBuildFile; fileRef = 03B368541EA1484800DF4991 /* PokedexUITests.swift */; };
/* End PBXBuildFile section */

/* Begin PBXContainerItemProxy section */
		03B368461EA1484800DF4991 /* PBXContainerItemProxy */ = {
			isa = PBXContainerItemProxy;
			containerPortal = 03B368291EA1484800DF4991 /* Project object */;
			proxyType = 1;
			remoteGlobalIDString = 03B368301EA1484800DF4991;
			remoteInfo = Pokedex;
		};
		03B368511EA1484800DF4991 /* PBXContainerItemProxy */ = {
			isa = PBXContainerItemProxy;
			containerPortal = 03B368291EA1484800DF4991 /* Project object */;
			proxyType = 1;
			remoteGlobalIDString = 03B368301EA1484800DF4991;
			remoteInfo = Pokedex;
		};
/* End PBXContainerItemProxy section */

/* Begin PBXFileReference section */
		03B368311EA1484800DF4991 /* Pokedex.app */ = {isa = PBXFileReference; explicitFileType = wrapper.application; includeInIndex = 0; path = Pokedex.app; sourceTree = BUILT_PRODUCTS_DIR; };
		03B368341EA1484800DF4991 /* AppDelegate.swift */ = {isa = PBXFileReference; lastKnownFileType = sourcecode.swift; path = AppDelegate.swift; sourceTree = "<group>"; };
		03B368361EA1484800DF4991 /* ViewController.swift */ = {isa = PBXFileReference; lastKnownFileType = sourcecode.swift; path = ViewController.swift; sourceTree = "<group>"; };
		03B368391EA1484800DF4991 /* Base */ = {isa = PBXFileReference; lastKnownFileType = file.storyboard; name = Base; path = Base.lproj/Main.storyboard; sourceTree = "<group>"; };
		03B3683B1EA1484800DF4991 /* Assets.xcassets */ = {isa = PBXFileReference; lastKnownFileType = folder.assetcatalog; path = Assets.xcassets; sourceTree = "<group>"; };
		03B3683E1EA1484800DF4991 /* Base */ = {isa = PBXFileReference; lastKnownFileType = file.storyboard; name = Base; path = Base.lproj/LaunchScreen.storyboard; sourceTree = "<group>"; };
		03B368401EA1484800DF4991 /* Info.plist */ = {isa = PBXFileReference; lastKnownFileType = text.plist.xml; path = Info.plist; sourceTree = "<group>"; };
		03B368451EA1484800DF4991 /* PokedexTests.xctest */ = {isa = PBXFileReference; explicitFileType = wrapper.cfbundle; includeInIndex = 0; path = PokedexTests.xctest; sourceTree = BUILT_PRODUCTS_DIR; };
		03B368491EA1484800DF4991 /* PokedexTests.swift */ = {isa = PBXFileReference; lastKnownFileType = sourcecode.swift; path = PokedexTests.swift; sourceTree = "<group>"; };
		03B3684B1EA1484800DF4991 /* Info.plist */ = {isa = PBXFileReference; lastKnownFileType = text.plist.xml; path = Info.plist; sourceTree = "<group>"; };
		03B368501EA1484800DF4991 /* PokedexUITests.xctest */ = {isa = PBXFileReference; explicitFileType = wrapper.cfbundle; includeInIndex = 0; path = PokedexUITests.xctest; sourceTree = BUILT_PRODUCTS_DIR; };
		03B368541EA1484800DF4991 /* PokedexUITests.swift */ = {isa = PBXFileReference; lastKnownFileType = sourcecode.swift; path = PokedexUITests.swift; sourceTree = "<group>"; };
		03B368561EA1484800DF4991 /* Info.plist */ = {isa = PBXFileReference; lastKnownFileType = text.plist.xml; path = Info.plist; sourceTree = "<group>"; };
/* End PBXFileReference section */

/* Begin PBXFrameworksBuildPhase section */
		03B3682E1EA1484800DF4991 /* Frameworks */ = {
			isa = PBXFrameworksBuildPhase;
			buildActionMask = 2147483647;
			files = (
			);
			runOnlyForDeploymentPostprocessing = 0;
		};
		03B368421EA1484800DF4991 /* Frameworks */ = {
			isa = PBXFrameworksBuildPhase;
			buildActionMask = 2147483647;
			files = (
			);
			runOnlyForDeploymentPostprocessing = 0;
		};
		03B3684D1EA1484800DF4991 /* Frameworks */ = {
			isa = PBXFrameworksBuildPhase;
			buildActionMask = 2147483647;
			files = (
			);
			runOnlyForDeploymentPostprocessing = 0;
		};
/* End PBXFrameworksBuildPhase section */

/* Begin PBXGroup section */
		03B368281EA1484800DF4991 = {
			isa = PBXGroup;
			children = (
				03B368331EA1484800DF4991 /* Pokedex */,
				03B368481EA1484800DF4991 /* PokedexTests */,
				03B368531EA1484800DF4991 /* PokedexUITests */,
				03B368321EA1484800DF4991 /* Products */,
			);
			sourceTree = "<group>";
		};
		03B368321EA1484800DF4991 /* Products */ = {
			isa = PBXGroup;
			children = (
				03B368311EA1484800DF4991 /* Pokedex.app */,
				03B368451EA1484800DF4991 /* PokedexTests.xctest */,
				03B368501EA1484800DF4991 /* PokedexUITests.xctest */,
			);
			name = Products;
			sourceTree = "<group>";
		};
		03B368331EA1484800DF4991 /* Pokedex */ = {
			isa = PBXGroup;
			children = (
				03B368341EA1484800DF4991 /* AppDelegate.swift */,
				03B368361EA1484800DF4991 /* ViewController.swift */,
				03B368381EA1484800DF4991 /* Main.storyboard */,
				03B3683B1EA1484800DF4991 /* Assets.xcassets */,
				03B3683D1EA1484800DF4991 /* LaunchScreen.storyboard */,
				03B368401EA1484800DF4991 /* Info.plist */,
			);
			path = Pokedex;
			sourceTree = "<group>";
		};
		03B368481EA1484800DF4991 /* PokedexTests */ = {
			isa = PBXGroup;
			children = (
				03B368491EA1484800DF4991 /* PokedexTests.swift */,
				03B3684B1EA1484800DF4991 /* Info.plist */,
			);
			path = PokedexTests;
			sourceTree = "<group>";
		};
		03B368531EA1484800DF4991 /* PokedexUITests */ = {
			isa = PBXGroup;
			children = (
				03B368541EA1484800DF4991 /* PokedexUITests.swift */,
				03B368561EA1484800DF4991 /* Info.plist */,
			);
			path = PokedexUITests;
			sourceTree = "<group>";
		};
/* End PBXGroup section */

/* Begin PBXNativeTarget section */
		03B368301EA1484800DF4991 /* Pokedex */ = {
			isa = PBXNativeTarget;
			buildConfigurationList = 03B368591EA1484800DF4991 /* Build configuration list for PBXNativeTarget "Pokedex" */;
			buildPhases = (
				03B3682D1EA1484800DF4991 /* Sources */,
				03B3682E1EA1484800DF4991 /* Frameworks */,
				03B3682F1EA1484800DF4991 /* Resources */,
			);
			buildRules = (
			);
			dependencies = (
			);
			name = Pokedex;
			productName = Pokedex;
			productReference = 03B368311EA1484800DF4991 /* Pokedex.app */;
			productType = "com.apple.product-type.application";
		};
		03B368441EA1484800DF4991 /* PokedexTests */ = {
			isa = PBXNativeTarget;
			buildConfigurationList = 03B3685C1EA1484800DF4991 /* Build configuration list for PBXNativeTarget "PokedexTests" */;
			buildPhases = (
				03B368411EA1484800DF4991 /* Sources */,
				03B368421EA1484800DF4991 /* Frameworks */,
				03B368431EA1484800DF4991 /* Resources */,
			);
			buildRules = (
			);
			dependencies = (
				03B368471EA1484800DF4991 /* PBXTargetDependency */,
			);
			name = PokedexTests;
			productName = PokedexTests;
			productReference = 03B368451EA1484800DF4991 /* PokedexTests.xctest */;
			productType = "com.apple.product-type.bundle.unit-test";
		};
		03B3684F1EA1484800DF4991 /* PokedexUITests */ = {
			isa = PBXNativeTarget;
			buildConfigurationList = 03B3685F1EA1484800DF4991 /* Build configuration list for PBXNativeTarget "PokedexUITests" */;
			buildPhases = (
				03B3684C1EA1484800DF4991 /* Sources */,
				03B3684D1EA1484800DF4991 /* Frameworks */,
				03B3684E1EA1484800DF4991 /* Resources */,
			);
			buildRules = (
			);
			dependencies = (
				03B368521EA1484800DF4991 /* PBXTargetDependency */,
			);
			name = PokedexUITests;
			productName = PokedexUITests;
			productReference = 03B368501EA1484800DF4991 /* PokedexUITests.xctest */;
			productType = "com.apple.product-type.bundle.ui-testing";
		};
/* End PBXNativeTarget section */

/* Begin PBXProject section */
		03B368291EA1484800DF4991 /* Project object */ = {
			isa = PBXProject;
			attributes = {
				LastSwiftUpdateCheck = 0830;
				LastUpgradeCheck = 0830;
				ORGANIZATIONNAME = "Sachin Sriram";
				TargetAttributes = {
					03B368301EA1484800DF4991 = {
						CreatedOnToolsVersion = 8.3.1;
						DevelopmentTeam = 58UC5883JL;
						ProvisioningStyle = Automatic;
					};
					03B368441EA1484800DF4991 = {
						CreatedOnToolsVersion = 8.3.1;
						DevelopmentTeam = 58UC5883JL;
						ProvisioningStyle = Automatic;
						TestTargetID = 03B368301EA1484800DF4991;
					};
					03B3684F1EA1484800DF4991 = {
						CreatedOnToolsVersion = 8.3.1;
						DevelopmentTeam = 58UC5883JL;
						ProvisioningStyle = Automatic;
						TestTargetID = 03B368301EA1484800DF4991;
					};
				};
			};
			buildConfigurationList = 03B3682C1EA1484800DF4991 /* Build configuration list for PBXProject "Pokedex" */;
			compatibilityVersion = "Xcode 3.2";
			developmentRegion = English;
			hasScannedForEncodings = 0;
			knownRegions = (
				en,
				Base,
			);
			mainGroup = 03B368281EA1484800DF4991;
			productRefGroup = 03B368321EA1484800DF4991 /* Products */;
			projectDirPath = "";
			projectRoot = "";
			targets = (
				03B368301EA1484800DF4991 /* Pokedex */,
				03B368441EA1484800DF4991 /* PokedexTests */,
				03B3684F1EA1484800DF4991 /* PokedexUITests */,
			);
		};
/* End PBXProject section */

/* Begin PBXResourcesBuildPhase section */
		03B3682F1EA1484800DF4991 /* Resources */ = {
			isa = PBXResourcesBuildPhase;
			buildActionMask = 2147483647;
			files = (
				03B3683F1EA1484800DF4991 /* LaunchScreen.storyboard in Resources */,
				03B3683C1EA1484800DF4991 /* Assets.xcassets in Resources */,
				03B3683A1EA1484800DF4991 /* Main.storyboard in Resources */,
			);
			runOnlyForDeploymentPostprocessing = 0;
		};
		03B368431EA1484800DF4991 /* Resources */ = {
			isa = PBXResourcesBuildPhase;
			buildActionMask = 2147483647;
			files = (
			);
			runOnlyForDeploymentPostprocessing = 0;
		};
		03B3684E1EA1484800DF4991 /* Resources */ = {
			isa = PBXResourcesBuildPhase;
			buildActionMask = 2147483647;
			files = (
			);
			runOnlyForDeploymentPostprocessing = 0;
		};
/* End PBXResourcesBuildPhase section */

/* Begin PBXSourcesBuildPhase section */
		03B3682D1EA1484800DF4991 /* Sources */ = {
			isa = PBXSourcesBuildPhase;
			buildActionMask = 2147483647;
			files = (
				03B368371EA1484800DF4991 /* ViewController.swift in Sources */,
				03B368351EA1484800DF4991 /* AppDelegate.swift in Sources */,
			);
			runOnlyForDeploymentPostprocessing = 0;
		};
		03B368411EA1484800DF4991 /* Sources */ = {
			isa = PBXSourcesBuildPhase;
			buildActionMask = 2147483647;
			files = (
				03B3684A1EA1484800DF4991 /* PokedexTests.swift in Sources */,
			);
			runOnlyForDeploymentPostprocessing = 0;
		};
		03B3684C1EA1484800DF4991 /* Sources */ = {
			isa = PBXSourcesBuildPhase;
			buildActionMask = 2147483647;
			files = (
				03B368551EA1484800DF4991 /* PokedexUITests.swift in Sources */,
			);
			runOnlyForDeploymentPostprocessing = 0;
		};
/* End PBXSourcesBuildPhase section */

/* Begin PBXTargetDependency section */
		03B368471EA1484800DF4991 /* PBXTargetDependency */ = {
			isa = PBXTargetDependency;
			target = 03B368301EA1484800DF4991 /* Pokedex */;
			targetProxy = 03B368461EA1484800DF4991 /* PBXContainerItemProxy */;
		};
		03B368521EA1484800DF4991 /* PBXTargetDependency */ = {
			isa = PBXTargetDependency;
			target = 03B368301EA1484800DF4991 /* Pokedex */;
			targetProxy = 03B368511EA1484800DF4991 /* PBXContainerItemProxy */;
		};
/* End PBXTargetDependency section */

/* Begin PBXVariantGroup section */
		03B368381EA1484800DF4991 /* Main.storyboard */ = {
			isa = PBXVariantGroup;
			children = (
				03B368391EA1484800DF4991 /* Base */,
			);
			name = Main.storyboard;
			sourceTree = "<group>";
		};
		03B3683D1EA1484800DF4991 /* LaunchScreen.storyboard */ = {
			isa = PBXVariantGroup;
			children = (
				03B3683E1EA1484800DF4991 /* Base */,
			);
			name = LaunchScreen.storyboard;
			sourceTree = "<group>";
		};
/* End PBXVariantGroup section */

/* Begin XCBuildConfiguration section */
		03B368571EA1484800DF4991 /* Debug */ = {
			isa = XCBuildConfiguration;
			buildSettings = {
				ALWAYS_SEARCH_USER_PATHS = NO;
				CLANG_ANALYZER_NONNULL = YES;
				CLANG_ANALYZER_NUMBER_OBJECT_CONVERSION = YES_AGGRESSIVE;
				CLANG_CXX_LANGUAGE_STANDARD = "gnu++0x";
				CLANG_CXX_LIBRARY = "libc++";
				CLANG_ENABLE_MODULES = YES;
				CLANG_ENABLE_OBJC_ARC = YES;
				CLANG_WARN_BOOL_CONVERSION = YES;
				CLANG_WARN_CONSTANT_CONVERSION = YES;
				CLANG_WARN_DIRECT_OBJC_ISA_USAGE = YES_ERROR;
				CLANG_WARN_DOCUMENTATION_COMMENTS = YES;
				CLANG_WARN_EMPTY_BODY = YES;
				CLANG_WARN_ENUM_CONVERSION = YES;
				CLANG_WARN_INFINITE_RECURSION = YES;
				CLANG_WARN_INT_CONVERSION = YES;
				CLANG_WARN_OBJC_ROOT_CLASS = YES_ERROR;
				CLANG_WARN_SUSPICIOUS_MOVE = YES;
				CLANG_WARN_UNREACHABLE_CODE = YES;
				CLANG_WARN__DUPLICATE_METHOD_MATCH = YES;
				"CODE_SIGN_IDENTITY[sdk=iphoneos*]" = "iPhone Developer";
				COPY_PHASE_STRIP = NO;
				DEBUG_INFORMATION_FORMAT = dwarf;
				ENABLE_STRICT_OBJC_MSGSEND = YES;
				ENABLE_TESTABILITY = YES;
				GCC_C_LANGUAGE_STANDARD = gnu99;
				GCC_DYNAMIC_NO_PIC = NO;
				GCC_NO_COMMON_BLOCKS = YES;
				GCC_OPTIMIZATION_LEVEL = 0;
				GCC_PREPROCESSOR_DEFINITIONS = (
					"DEBUG=1",
					"$(inherited)",
				);
				GCC_WARN_64_TO_32_BIT_CONVERSION = YES;
				GCC_WARN_ABOUT_RETURN_TYPE = YES_ERROR;
				GCC_WARN_UNDECLARED_SELECTOR = YES;
				GCC_WARN_UNINITIALIZED_AUTOS = YES_AGGRESSIVE;
				GCC_WARN_UNUSED_FUNCTION = YES;
				GCC_WARN_UNUSED_VARIABLE = YES;
				IPHONEOS_DEPLOYMENT_TARGET = 10.3;
				MTL_ENABLE_DEBUG_INFO = YES;
				ONLY_ACTIVE_ARCH = YES;
				SDKROOT = iphoneos;
				SWIFT_ACTIVE_COMPILATION_CONDITIONS = DEBUG;
				SWIFT_OPTIMIZATION_LEVEL = "-Onone";
				TARGETED_DEVICE_FAMILY = "1,2";
			};
			name = Debug;
		};
		03B368581EA1484800DF4991 /* Release */ = {
			isa = XCBuildConfiguration;
			buildSettings = {
				ALWAYS_SEARCH_USER_PATHS = NO;
				CLANG_ANALYZER_NONNULL = YES;
				CLANG_ANALYZER_NUMBER_OBJECT_CONVERSION = YES_AGGRESSIVE;
				CLANG_CXX_LANGUAGE_STANDARD = "gnu++0x";
				CLANG_CXX_LIBRARY = "libc++";
				CLANG_ENABLE_MODULES = YES;
				CLANG_ENABLE_OBJC_ARC = YES;
				CLANG_WARN_BOOL_CONVERSION = YES;
				CLANG_WARN_CONSTANT_CONVERSION = YES;
				CLANG_WARN_DIRECT_OBJC_ISA_USAGE = YES_ERROR;
				CLANG_WARN_DOCUMENTATION_COMMENTS = YES;
				CLANG_WARN_EMPTY_BODY = YES;
				CLANG_WARN_ENUM_CONVERSION = YES;
				CLANG_WARN_INFINITE_RECURSION = YES;
				CLANG_WARN_INT_CONVERSION = YES;
				CLANG_WARN_OBJC_ROOT_CLASS = YES_ERROR;
				CLANG_WARN_SUSPICIOUS_MOVE = YES;
				CLANG_WARN_UNREACHABLE_CODE = YES;
				CLANG_WARN__DUPLICATE_METHOD_MATCH = YES;
				"CODE_SIGN_IDENTITY[sdk=iphoneos*]" = "iPhone Developer";
				COPY_PHASE_STRIP = NO;
				DEBUG_INFORMATION_FORMAT = "dwarf-with-dsym";
				ENABLE_NS_ASSERTIONS = NO;
				ENABLE_STRICT_OBJC_MSGSEND = YES;
				GCC_C_LANGUAGE_STANDARD = gnu99;
				GCC_NO_COMMON_BLOCKS = YES;
				GCC_WARN_64_TO_32_BIT_CONVERSION = YES;
				GCC_WARN_ABOUT_RETURN_TYPE = YES_ERROR;
				GCC_WARN_UNDECLARED_SELECTOR = YES;
				GCC_WARN_UNINITIALIZED_AUTOS = YES_AGGRESSIVE;
				GCC_WARN_UNUSED_FUNCTION = YES;
				GCC_WARN_UNUSED_VARIABLE = YES;
				IPHONEOS_DEPLOYMENT_TARGET = 10.3;
				MTL_ENABLE_DEBUG_INFO = NO;
				SDKROOT = iphoneos;
				SWIFT_OPTIMIZATION_LEVEL = "-Owholemodule";
				TARGETED_DEVICE_FAMILY = "1,2";
				VALIDATE_PRODUCT = YES;
			};
			name = Release;
		};
		03B3685A1EA1484800DF4991 /* Debug */ = {
			isa = XCBuildConfiguration;
			buildSettings = {
				ASSETCATALOG_COMPILER_APPICON_NAME = AppIcon;
				DEVELOPMENT_TEAM = 58UC5883JL;
				INFOPLIST_FILE = Pokedex/Info.plist;
				LD_RUNPATH_SEARCH_PATHS = "$(inherited) @executable_path/Frameworks";
				PRODUCT_BUNDLE_IDENTIFIER = com.sachin.Pokedex;
				PRODUCT_NAME = "$(TARGET_NAME)";
				SWIFT_VERSION = 3.0;
			};
			name = Debug;
		};
		03B3685B1EA1484800DF4991 /* Release */ = {
			isa = XCBuildConfiguration;
			buildSettings = {
				ASSETCATALOG_COMPILER_APPICON_NAME = AppIcon;
				DEVELOPMENT_TEAM = 58UC5883JL;
				INFOPLIST_FILE = Pokedex/Info.plist;
				LD_RUNPATH_SEARCH_PATHS = "$(inherited) @executable_path/Frameworks";
				PRODUCT_BUNDLE_IDENTIFIER = com.sachin.Pokedex;
				PRODUCT_NAME = "$(TARGET_NAME)";
				SWIFT_VERSION = 3.0;
			};
			name = Release;
		};
		03B3685D1EA1484800DF4991 /* Debug */ = {
			isa = XCBuildConfiguration;
			buildSettings = {
				ALWAYS_EMBED_SWIFT_STANDARD_LIBRARIES = YES;
				BUNDLE_LOADER = "$(TEST_HOST)";
				DEVELOPMENT_TEAM = 58UC5883JL;
				INFOPLIST_FILE = PokedexTests/Info.plist;
				LD_RUNPATH_SEARCH_PATHS = "$(inherited) @executable_path/Frameworks @loader_path/Frameworks";
				PRODUCT_BUNDLE_IDENTIFIER = com.sachin.PokedexTests;
				PRODUCT_NAME = "$(TARGET_NAME)";
				SWIFT_VERSION = 3.0;
				TEST_HOST = "$(BUILT_PRODUCTS_DIR)/Pokedex.app/Pokedex";
			};
			name = Debug;
		};
		03B3685E1EA1484800DF4991 /* Release */ = {
			isa = XCBuildConfiguration;
			buildSettings = {
				ALWAYS_EMBED_SWIFT_STANDARD_LIBRARIES = YES;
				BUNDLE_LOADER = "$(TEST_HOST)";
				DEVELOPMENT_TEAM = 58UC5883JL;
				INFOPLIST_FILE = PokedexTests/Info.plist;
				LD_RUNPATH_SEARCH_PATHS = "$(inherited) @executable_path/Frameworks @loader_path/Frameworks";
				PRODUCT_BUNDLE_IDENTIFIER = com.sachin.PokedexTests;
				PRODUCT_NAME = "$(TARGET_NAME)";
				SWIFT_VERSION = 3.0;
				TEST_HOST = "$(BUILT_PRODUCTS_DIR)/Pokedex.app/Pokedex";
			};
			name = Release;
		};
		03B368601EA1484800DF4991 /* Debug */ = {
			isa = XCBuildConfiguration;
			buildSettings = {
				ALWAYS_EMBED_SWIFT_STANDARD_LIBRARIES = YES;
				DEVELOPMENT_TEAM = 58UC5883JL;
				INFOPLIST_FILE = PokedexUITests/Info.plist;
				LD_RUNPATH_SEARCH_PATHS = "$(inherited) @executable_path/Frameworks @loader_path/Frameworks";
				PRODUCT_BUNDLE_IDENTIFIER = com.sachin.PokedexUITests;
				PRODUCT_NAME = "$(TARGET_NAME)";
				SWIFT_VERSION = 3.0;
				TEST_TARGET_NAME = Pokedex;
			};
			name = Debug;
		};
		03B368611EA1484800DF4991 /* Release */ = {
			isa = XCBuildConfiguration;
			buildSettings = {
				ALWAYS_EMBED_SWIFT_STANDARD_LIBRARIES = YES;
				DEVELOPMENT_TEAM = 58UC5883JL;
				INFOPLIST_FILE = PokedexUITests/Info.plist;
				LD_RUNPATH_SEARCH_PATHS = "$(inherited) @executable_path/Frameworks @loader_path/Frameworks";
				PRODUCT_BUNDLE_IDENTIFIER = com.sachin.PokedexUITests;
				PRODUCT_NAME = "$(TARGET_NAME)";
				SWIFT_VERSION = 3.0;
				TEST_TARGET_NAME = Pokedex;
			};
			name = Release;
		};
/* End XCBuildConfiguration section */

/* Begin XCConfigurationList section */
		03B3682C1EA1484800DF4991 /* Build configuration list for PBXProject "Pokedex" */ = {
			isa = XCConfigurationList;
			buildConfigurations = (
				03B368571EA1484800DF4991 /* Debug */,
				03B368581EA1484800DF4991 /* Release */,
			);
			defaultConfigurationIsVisible = 0;
			defaultConfigurationName = Release;
		};
		03B368591EA1484800DF4991 /* Build configuration list for PBXNativeTarget "Pokedex" */ = {
			isa = XCConfigurationList;
			buildConfigurations = (
				03B3685A1EA1484800DF4991 /* Debug */,
				03B3685B1EA1484800DF4991 /* Release */,
			);
			defaultConfigurationIsVisible = 0;
		};
		03B3685C1EA1484800DF4991 /* Build configuration list for PBXNativeTarget "PokedexTests" */ = {
			isa = XCConfigurationList;
			buildConfigurations = (
				03B3685D1EA1484800DF4991 /* Debug */,
				03B3685E1EA1484800DF4991 /* Release */,
			);
			defaultConfigurationIsVisible = 0;
		};
		03B3685F1EA1484800DF4991 /* Build configuration list for PBXNativeTarget "PokedexUITests" */ = {
			isa = XCConfigurationList;
			buildConfigurations = (
				03B368601EA1484800DF4991 /* Debug */,
				03B368611EA1484800DF4991 /* Release */,
			);
			defaultConfigurationIsVisible = 0;
		};
/* End XCConfigurationList section */
	};
	rootObject = 03B368291EA1484800DF4991 /* Project object */;
}
